
Microsoft Visual Studio Solution File, Format Version 12.00
# Visual Studio Version 16
VisualStudioVersion = 16.0.34729.46
MinimumVisualStudioVersion = 10.0.40219.1
Project("{FAE04EC0-301F-11D3-BF4B-00C04F79EFBC}") = "ConsoleAppStringsAndIntegersAssignment", "ConsoleAppStringsAndIntegersAssignment\ConsoleAppStringsAndIntegersAssignment.csproj", "{616F9B90-6C24-4257-B9D4-C01CD1AF8E34}"
EndProject
Global
	GlobalSection(SolutionConfigurationPlatforms) = preSolution
		Debug|Any CPU = Debug|Any CPU
		Release|Any CPU = Release|Any CPU
	EndGlobalSection
	GlobalSection(ProjectConfigurationPlatforms) = postSolution
		{616F9B90-6C24-4257-B9D4-C01CD1AF8E34}.Debug|Any CPU.ActiveCfg = Debug|Any CPU
		{616F9B90-6C24-4257-B9D4-C01CD1AF8E34}.Debug|Any CPU.Build.0 = Debug|Any CPU
		{616F9B90-6C24-4257-B9D4-C01CD1AF8E34}.Release|Any CPU.ActiveCfg = Release|Any CPU
		{616F9B90-6C24-4257-B9D4-C01CD1AF8E34}.Release|Any CPU.Build.0 = Release|Any CPU
	EndGlobalSection
	GlobalSection(SolutionProperties) = preSolution
		HideSolutionNode = FALSE
	EndGlobalSection
	GlobalSection(ExtensibilityGlobals) = postSolution
		SolutionGuid = {2D485A74-0D2B-4F4A-9069-8178BE364C4B}
	EndGlobalSection
EndGlobal
