
Microsoft Visual Studio Solution File, Format Version 12.00
# Visual Studio Version 17
VisualStudioVersion = 17.11.35312.102
MinimumVisualStudioVersion = 10.0.40219.1
Project("{FAE04EC0-301F-11D3-BF4B-00C04F79EFBC}") = "CheckTime", "CheckTime\CheckTime.csproj", "{06064EAF-802C-44A8-BB40-F7D58FB5CACF}"
EndProject
Global
	GlobalSection(SolutionConfigurationPlatforms) = preSolution
		Debug|Any CPU = Debug|Any CPU
		Release|Any CPU = Release|Any CPU
	EndGlobalSection
	GlobalSection(ProjectConfigurationPlatforms) = postSolution
		{06064EAF-802C-44A8-BB40-F7D58FB5CACF}.Debug|Any CPU.ActiveCfg = Debug|Any CPU
		{06064EAF-802C-44A8-BB40-F7D58FB5CACF}.Debug|Any CPU.Build.0 = Debug|Any CPU
		{06064EAF-802C-44A8-BB40-F7D58FB5CACF}.Release|Any CPU.ActiveCfg = Release|Any CPU
		{06064EAF-802C-44A8-BB40-F7D58FB5CACF}.Release|Any CPU.Build.0 = Release|Any CPU
	EndGlobalSection
	GlobalSection(SolutionProperties) = preSolution
		HideSolutionNode = FALSE
	EndGlobalSection
	GlobalSection(ExtensibilityGlobals) = postSolution
		SolutionGuid = {6B852EA0-92AA-4B31-924E-2602FF773D73}
	EndGlobalSection
EndGlobal
