
Microsoft Visual Studio Solution File, Format Version 12.00
# Visual Studio Version 16
VisualStudioVersion = 16.0.34729.46
MinimumVisualStudioVersion = 10.0.40219.1
Project("{FAE04EC0-301F-11D3-BF4B-00C04F79EFBC}") = "AbstractClassAssignment", "AbstractClassAssignment\AbstractClassAssignment.csproj", "{7C73B3B2-339B-4AAB-9CCC-77B89F0F66B0}"
EndProject
Global
	GlobalSection(SolutionConfigurationPlatforms) = preSolution
		Debug|Any CPU = Debug|Any CPU
		Release|Any CPU = Release|Any CPU
	EndGlobalSection
	GlobalSection(ProjectConfigurationPlatforms) = postSolution
		{7C73B3B2-339B-4AAB-9CCC-77B89F0F66B0}.Debug|Any CPU.ActiveCfg = Debug|Any CPU
		{7C73B3B2-339B-4AAB-9CCC-77B89F0F66B0}.Debug|Any CPU.Build.0 = Debug|Any CPU
		{7C73B3B2-339B-4AAB-9CCC-77B89F0F66B0}.Release|Any CPU.ActiveCfg = Release|Any CPU
		{7C73B3B2-339B-4AAB-9CCC-77B89F0F66B0}.Release|Any CPU.Build.0 = Release|Any CPU
	EndGlobalSection
	GlobalSection(SolutionProperties) = preSolution
		HideSolutionNode = FALSE
	EndGlobalSection
	GlobalSection(ExtensibilityGlobals) = postSolution
		SolutionGuid = {6DD4AA37-674D-4256-B0EB-221DE727E896}
	EndGlobalSection
EndGlobal
